// !$*UTF8*$!
{
	archiveVersion = 1;
	classes = {
	};
	objectVersion = 56;
	objects = {

/* Begin PBXBuildFile section */
		4800FA1E2A5C101200F90A3D /* AlertViewController.swift in Sources */ = {isa = PBXBuildFile; fileRef = 4800FA1D2A5C101200F90A3D /* AlertViewController.swift */; };
		4800FA202A5DA28200F90A3D /* TotalScore.swift in Sources */ = {isa = PBXBuildFile; fileRef = 4800FA1F2A5DA28200F90A3D /* TotalScore.swift */; };
		48307B522A43727400D3C3B0 /* AppDelegate.swift in Sources */ = {isa = PBXBuildFile; fileRef = 48307B512A43727400D3C3B0 /* AppDelegate.swift */; };
		48307B542A43727400D3C3B0 /* SceneDelegate.swift in Sources */ = {isa = PBXBuildFile; fileRef = 48307B532A43727400D3C3B0 /* SceneDelegate.swift */; };
		48307B5B2A43727500D3C3B0 /* Assets.xcassets in Resources */ = {isa = PBXBuildFile; fileRef = 48307B5A2A43727500D3C3B0 /* Assets.xcassets */; };
		48307B5E2A43727500D3C3B0 /* LaunchScreen.storyboard in Resources */ = {isa = PBXBuildFile; fileRef = 48307B5C2A43727500D3C3B0 /* LaunchScreen.storyboard */; };
		48307B662A43730500D3C3B0 /* Cafe24SsurroundAir.ttf in Resources */ = {isa = PBXBuildFile; fileRef = 48307B652A43730500D3C3B0 /* Cafe24SsurroundAir.ttf */; };
		48307B682A4373ED00D3C3B0 /* MainViewController.swift in Sources */ = {isa = PBXBuildFile; fileRef = 48307B672A4373ED00D3C3B0 /* MainViewController.swift */; };
		48307B6A2A43740000D3C3B0 /* DailyViewController.swift in Sources */ = {isa = PBXBuildFile; fileRef = 48307B692A43740000D3C3B0 /* DailyViewController.swift */; };
		48307B6C2A43741D00D3C3B0 /* CalendarBuilder.swift in Sources */ = {isa = PBXBuildFile; fileRef = 48307B6B2A43741D00D3C3B0 /* CalendarBuilder.swift */; };
		484CE8762BB6F2D30006AE67 /* RxCocoa in Frameworks */ = {isa = PBXBuildFile; productRef = 484CE8752BB6F2D30006AE67 /* RxCocoa */; };
		484CE8782BB6F2D30006AE67 /* RxRelay in Frameworks */ = {isa = PBXBuildFile; productRef = 484CE8772BB6F2D30006AE67 /* RxRelay */; };
		486368DB2A580770007CE00A /* Daily.swift in Sources */ = {isa = PBXBuildFile; fileRef = 486368DA2A580770007CE00A /* Daily.swift */; };
		486368DD2A58077B007CE00A /* Todo.swift in Sources */ = {isa = PBXBuildFile; fileRef = 486368DC2A58077B007CE00A /* Todo.swift */; };
		488FA5F22BDF9A6D00CA4567 /* .swiftlint.yml in Resources */ = {isa = PBXBuildFile; fileRef = 488FA5F12BDF9A6D00CA4567 /* .swiftlint.yml */; };
		48912A7A2BE5174B003FE078 /* LoadingView.swift in Sources */ = {isa = PBXBuildFile; fileRef = 48912A792BE5174B003FE078 /* LoadingView.swift */; };
		48912A7D2BE51769003FE078 /* Gifu in Frameworks */ = {isa = PBXBuildFile; productRef = 48912A7C2BE51769003FE078 /* Gifu */; };
		48912A7F2BE5190E003FE078 /* JLifeLogo.gif in Resources */ = {isa = PBXBuildFile; fileRef = 48912A7E2BE5190E003FE078 /* JLifeLogo.gif */; };
		48912A872BEB91DC003FE078 /* SettingView.swift in Sources */ = {isa = PBXBuildFile; fileRef = 48912A862BEB91DC003FE078 /* SettingView.swift */; };
		48912AF02BF7CD38003FE078 /* CalendarColorPalette.swift in Sources */ = {isa = PBXBuildFile; fileRef = 48912AEF2BF7CD38003FE078 /* CalendarColorPalette.swift */; };
		48C344522A4889550061F930 /* Monthly.swift in Sources */ = {isa = PBXBuildFile; fileRef = 48C344512A4889550061F930 /* Monthly.swift */; };
		48C344562A4AEA2C0061F930 /* MonthlyPopUpViewController.swift in Sources */ = {isa = PBXBuildFile; fileRef = 48C344552A4AEA2C0061F930 /* MonthlyPopUpViewController.swift */; };
		48C84A502B7F7CA600CE1276 /* SettingViewController.swift in Sources */ = {isa = PBXBuildFile; fileRef = 48C84A4F2B7F7CA600CE1276 /* SettingViewController.swift */; };
		48D59E7F2BE214D7005278EC /* DailyBox.xcdatamodeld in Sources */ = {isa = PBXBuildFile; fileRef = 48D59E7D2BE214D7005278EC /* DailyBox.xcdatamodeld */; };
		48D59E822BE214E7005278EC /* DailyTodo.xcdatamodeld in Sources */ = {isa = PBXBuildFile; fileRef = 48D59E802BE214E7005278EC /* DailyTodo.xcdatamodeld */; };
		48D59E852BE214F8005278EC /* MonthlyBox.xcdatamodeld in Sources */ = {isa = PBXBuildFile; fileRef = 48D59E832BE214F8005278EC /* MonthlyBox.xcdatamodeld */; };
		48D59E882BE21508005278EC /* TotalScore.xcdatamodeld in Sources */ = {isa = PBXBuildFile; fileRef = 48D59E862BE21508005278EC /* TotalScore.xcdatamodeld */; };
		48D59E912BE21646005278EC /* DailyTodoEntity+CoreDataClass.swift in Sources */ = {isa = PBXBuildFile; fileRef = 48D59E892BE21646005278EC /* DailyTodoEntity+CoreDataClass.swift */; };
		48D59E922BE21646005278EC /* DailyTodoEntity+CoreDataProperties.swift in Sources */ = {isa = PBXBuildFile; fileRef = 48D59E8A2BE21646005278EC /* DailyTodoEntity+CoreDataProperties.swift */; };
		48D59E932BE21646005278EC /* MonthlyBoxEntity+CoreDataClass.swift in Sources */ = {isa = PBXBuildFile; fileRef = 48D59E8B2BE21646005278EC /* MonthlyBoxEntity+CoreDataClass.swift */; };
		48D59E942BE21646005278EC /* MonthlyBoxEntity+CoreDataProperties.swift in Sources */ = {isa = PBXBuildFile; fileRef = 48D59E8C2BE21646005278EC /* MonthlyBoxEntity+CoreDataProperties.swift */; };
		48D59E952BE21646005278EC /* DailyBoxEntity+CoreDataClass.swift in Sources */ = {isa = PBXBuildFile; fileRef = 48D59E8D2BE21646005278EC /* DailyBoxEntity+CoreDataClass.swift */; };
		48D59E962BE21646005278EC /* DailyBoxEntity+CoreDataProperties.swift in Sources */ = {isa = PBXBuildFile; fileRef = 48D59E8E2BE21646005278EC /* DailyBoxEntity+CoreDataProperties.swift */; };
		48D59E972BE21646005278EC /* TotalScoreEntity+CoreDataClass.swift in Sources */ = {isa = PBXBuildFile; fileRef = 48D59E8F2BE21646005278EC /* TotalScoreEntity+CoreDataClass.swift */; };
		48D59E982BE21646005278EC /* TotalScoreEntity+CoreDataProperties.swift in Sources */ = {isa = PBXBuildFile; fileRef = 48D59E902BE21646005278EC /* TotalScoreEntity+CoreDataProperties.swift */; };
		48E4692E2A50A4140023B03E /* DailyPopUpViewController.swift in Sources */ = {isa = PBXBuildFile; fileRef = 48E4692D2A50A4140023B03E /* DailyPopUpViewController.swift */; };
		48E469302A52E5180023B03E /* DayTodoViewController.swift in Sources */ = {isa = PBXBuildFile; fileRef = 48E4692F2A52E5180023B03E /* DayTodoViewController.swift */; };
		D207B3022BE218C200A81B70 /* CoreDataManager.swift in Sources */ = {isa = PBXBuildFile; fileRef = D207B3012BE218C200A81B70 /* CoreDataManager.swift */; };
		D207B3052BE2221700A81B70 /* CoreDataError.swift in Sources */ = {isa = PBXBuildFile; fileRef = D207B3042BE2221700A81B70 /* CoreDataError.swift */; };
		D207B30D2BE27BE500A81B70 /* MainCalendarView.swift in Sources */ = {isa = PBXBuildFile; fileRef = D207B30C2BE27BE500A81B70 /* MainCalendarView.swift */; };
		D207B3352BE3197800A81B70 /* ImageButton.swift in Sources */ = {isa = PBXBuildFile; fileRef = D207B3342BE3197800A81B70 /* ImageButton.swift */; };
		D207B3372BE31BD800A81B70 /* HorizontalStackView.swift in Sources */ = {isa = PBXBuildFile; fileRef = D207B3362BE31BD800A81B70 /* HorizontalStackView.swift */; };
		D207B3392BE31C5A00A81B70 /* SeparatorView.swift in Sources */ = {isa = PBXBuildFile; fileRef = D207B3382BE31C5A00A81B70 /* SeparatorView.swift */; };
		D207B33B2BE31CCF00A81B70 /* DayLabel.swift in Sources */ = {isa = PBXBuildFile; fileRef = D207B33A2BE31CCF00A81B70 /* DayLabel.swift */; };
		D220BA172BE51BD2007892AB /* LoadingViewController.swift in Sources */ = {isa = PBXBuildFile; fileRef = D220BA162BE51BD2007892AB /* LoadingViewController.swift */; };
		D2E7C4B02BFF08CF0007BEC8 /* Font.swift in Sources */ = {isa = PBXBuildFile; fileRef = D2E7C4AF2BFF08CF0007BEC8 /* Font.swift */; };
/* End PBXBuildFile section */

/* Begin PBXFileReference section */
		4800FA1D2A5C101200F90A3D /* AlertViewController.swift */ = {isa = PBXFileReference; lastKnownFileType = sourcecode.swift; path = AlertViewController.swift; sourceTree = "<group>"; };
		4800FA1F2A5DA28200F90A3D /* TotalScore.swift */ = {isa = PBXFileReference; lastKnownFileType = sourcecode.swift; path = TotalScore.swift; sourceTree = "<group>"; };
		48307B4E2A43727400D3C3B0 /* JLife.app */ = {isa = PBXFileReference; explicitFileType = wrapper.application; includeInIndex = 0; path = JLife.app; sourceTree = BUILT_PRODUCTS_DIR; };
		48307B512A43727400D3C3B0 /* AppDelegate.swift */ = {isa = PBXFileReference; lastKnownFileType = sourcecode.swift; path = AppDelegate.swift; sourceTree = "<group>"; };
		48307B532A43727400D3C3B0 /* SceneDelegate.swift */ = {isa = PBXFileReference; lastKnownFileType = sourcecode.swift; path = SceneDelegate.swift; sourceTree = "<group>"; };
		48307B5A2A43727500D3C3B0 /* Assets.xcassets */ = {isa = PBXFileReference; lastKnownFileType = folder.assetcatalog; path = Assets.xcassets; sourceTree = "<group>"; };
		48307B5D2A43727500D3C3B0 /* Base */ = {isa = PBXFileReference; lastKnownFileType = file.storyboard; name = Base; path = Base.lproj/LaunchScreen.storyboard; sourceTree = "<group>"; };
		48307B5F2A43727500D3C3B0 /* Info.plist */ = {isa = PBXFileReference; lastKnownFileType = text.plist.xml; path = Info.plist; sourceTree = "<group>"; };
		48307B652A43730500D3C3B0 /* Cafe24SsurroundAir.ttf */ = {isa = PBXFileReference; lastKnownFileType = file; path = Cafe24SsurroundAir.ttf; sourceTree = "<group>"; };
		48307B672A4373ED00D3C3B0 /* MainViewController.swift */ = {isa = PBXFileReference; lastKnownFileType = sourcecode.swift; path = MainViewController.swift; sourceTree = "<group>"; };
		48307B692A43740000D3C3B0 /* DailyViewController.swift */ = {isa = PBXFileReference; lastKnownFileType = sourcecode.swift; path = DailyViewController.swift; sourceTree = "<group>"; };
		48307B6B2A43741D00D3C3B0 /* CalendarBuilder.swift */ = {isa = PBXFileReference; lastKnownFileType = sourcecode.swift; path = CalendarBuilder.swift; sourceTree = "<group>"; };
		486368DA2A580770007CE00A /* Daily.swift */ = {isa = PBXFileReference; lastKnownFileType = sourcecode.swift; path = Daily.swift; sourceTree = "<group>"; };
		486368DC2A58077B007CE00A /* Todo.swift */ = {isa = PBXFileReference; lastKnownFileType = sourcecode.swift; path = Todo.swift; sourceTree = "<group>"; };
		488FA5F12BDF9A6D00CA4567 /* .swiftlint.yml */ = {isa = PBXFileReference; lastKnownFileType = text.yaml; path = .swiftlint.yml; sourceTree = "<group>"; };
		48912A792BE5174B003FE078 /* LoadingView.swift */ = {isa = PBXFileReference; lastKnownFileType = sourcecode.swift; path = LoadingView.swift; sourceTree = "<group>"; };
		48912A7E2BE5190E003FE078 /* JLifeLogo.gif */ = {isa = PBXFileReference; lastKnownFileType = image.gif; name = JLifeLogo.gif; path = "../../자료/IMG/JLifeLogo.gif"; sourceTree = "<group>"; };
		48912A862BEB91DC003FE078 /* SettingView.swift */ = {isa = PBXFileReference; lastKnownFileType = sourcecode.swift; path = SettingView.swift; sourceTree = "<group>"; };
		48912AEF2BF7CD38003FE078 /* CalendarColorPalette.swift */ = {isa = PBXFileReference; lastKnownFileType = sourcecode.swift; path = CalendarColorPalette.swift; sourceTree = "<group>"; };
		48C344512A4889550061F930 /* Monthly.swift */ = {isa = PBXFileReference; lastKnownFileType = sourcecode.swift; path = Monthly.swift; sourceTree = "<group>"; };
		48C344552A4AEA2C0061F930 /* MonthlyPopUpViewController.swift */ = {isa = PBXFileReference; lastKnownFileType = sourcecode.swift; path = MonthlyPopUpViewController.swift; sourceTree = "<group>"; };
		48C84A4F2B7F7CA600CE1276 /* SettingViewController.swift */ = {isa = PBXFileReference; lastKnownFileType = sourcecode.swift; path = SettingViewController.swift; sourceTree = "<group>"; };
		48D59E7E2BE214D7005278EC /* DailyBox.xcdatamodel */ = {isa = PBXFileReference; lastKnownFileType = wrapper.xcdatamodel; path = DailyBox.xcdatamodel; sourceTree = "<group>"; };
		48D59E812BE214E7005278EC /* DailyTodo.xcdatamodel */ = {isa = PBXFileReference; lastKnownFileType = wrapper.xcdatamodel; path = DailyTodo.xcdatamodel; sourceTree = "<group>"; };
		48D59E842BE214F8005278EC /* MonthlyBox.xcdatamodel */ = {isa = PBXFileReference; lastKnownFileType = wrapper.xcdatamodel; path = MonthlyBox.xcdatamodel; sourceTree = "<group>"; };
		48D59E872BE21508005278EC /* TotalScore.xcdatamodel */ = {isa = PBXFileReference; lastKnownFileType = wrapper.xcdatamodel; path = TotalScore.xcdatamodel; sourceTree = "<group>"; };
		48D59E892BE21646005278EC /* DailyTodoEntity+CoreDataClass.swift */ = {isa = PBXFileReference; lastKnownFileType = sourcecode.swift; path = "DailyTodoEntity+CoreDataClass.swift"; sourceTree = "<group>"; };
		48D59E8A2BE21646005278EC /* DailyTodoEntity+CoreDataProperties.swift */ = {isa = PBXFileReference; lastKnownFileType = sourcecode.swift; path = "DailyTodoEntity+CoreDataProperties.swift"; sourceTree = "<group>"; };
		48D59E8B2BE21646005278EC /* MonthlyBoxEntity+CoreDataClass.swift */ = {isa = PBXFileReference; lastKnownFileType = sourcecode.swift; path = "MonthlyBoxEntity+CoreDataClass.swift"; sourceTree = "<group>"; };
		48D59E8C2BE21646005278EC /* MonthlyBoxEntity+CoreDataProperties.swift */ = {isa = PBXFileReference; lastKnownFileType = sourcecode.swift; path = "MonthlyBoxEntity+CoreDataProperties.swift"; sourceTree = "<group>"; };
		48D59E8D2BE21646005278EC /* DailyBoxEntity+CoreDataClass.swift */ = {isa = PBXFileReference; lastKnownFileType = sourcecode.swift; path = "DailyBoxEntity+CoreDataClass.swift"; sourceTree = "<group>"; };
		48D59E8E2BE21646005278EC /* DailyBoxEntity+CoreDataProperties.swift */ = {isa = PBXFileReference; lastKnownFileType = sourcecode.swift; path = "DailyBoxEntity+CoreDataProperties.swift"; sourceTree = "<group>"; };
		48D59E8F2BE21646005278EC /* TotalScoreEntity+CoreDataClass.swift */ = {isa = PBXFileReference; lastKnownFileType = sourcecode.swift; path = "TotalScoreEntity+CoreDataClass.swift"; sourceTree = "<group>"; };
		48D59E902BE21646005278EC /* TotalScoreEntity+CoreDataProperties.swift */ = {isa = PBXFileReference; lastKnownFileType = sourcecode.swift; path = "TotalScoreEntity+CoreDataProperties.swift"; sourceTree = "<group>"; };
		48E4692D2A50A4140023B03E /* DailyPopUpViewController.swift */ = {isa = PBXFileReference; lastKnownFileType = sourcecode.swift; path = DailyPopUpViewController.swift; sourceTree = "<group>"; };
		48E4692F2A52E5180023B03E /* DayTodoViewController.swift */ = {isa = PBXFileReference; lastKnownFileType = sourcecode.swift; path = DayTodoViewController.swift; sourceTree = "<group>"; };
		D207B3012BE218C200A81B70 /* CoreDataManager.swift */ = {isa = PBXFileReference; lastKnownFileType = sourcecode.swift; path = CoreDataManager.swift; sourceTree = "<group>"; };
		D207B3042BE2221700A81B70 /* CoreDataError.swift */ = {isa = PBXFileReference; lastKnownFileType = sourcecode.swift; path = CoreDataError.swift; sourceTree = "<group>"; };
		D207B30C2BE27BE500A81B70 /* MainCalendarView.swift */ = {isa = PBXFileReference; lastKnownFileType = sourcecode.swift; path = MainCalendarView.swift; sourceTree = "<group>"; };
		D207B3342BE3197800A81B70 /* ImageButton.swift */ = {isa = PBXFileReference; lastKnownFileType = sourcecode.swift; path = ImageButton.swift; sourceTree = "<group>"; };
		D207B3362BE31BD800A81B70 /* HorizontalStackView.swift */ = {isa = PBXFileReference; lastKnownFileType = sourcecode.swift; path = HorizontalStackView.swift; sourceTree = "<group>"; };
		D207B3382BE31C5A00A81B70 /* SeparatorView.swift */ = {isa = PBXFileReference; lastKnownFileType = sourcecode.swift; path = SeparatorView.swift; sourceTree = "<group>"; };
		D207B33A2BE31CCF00A81B70 /* DayLabel.swift */ = {isa = PBXFileReference; lastKnownFileType = sourcecode.swift; path = DayLabel.swift; sourceTree = "<group>"; };
		D220BA162BE51BD2007892AB /* LoadingViewController.swift */ = {isa = PBXFileReference; lastKnownFileType = sourcecode.swift; path = LoadingViewController.swift; sourceTree = "<group>"; };
		D2E7C4AF2BFF08CF0007BEC8 /* Font.swift */ = {isa = PBXFileReference; lastKnownFileType = sourcecode.swift; path = Font.swift; sourceTree = "<group>"; };
/* End PBXFileReference section */

/* Begin PBXFrameworksBuildPhase section */
		48307B4B2A43727400D3C3B0 /* Frameworks */ = {
			isa = PBXFrameworksBuildPhase;
			buildActionMask = 2147483647;
			files = (
				484CE8782BB6F2D30006AE67 /* RxRelay in Frameworks */,
				484CE8762BB6F2D30006AE67 /* RxCocoa in Frameworks */,
				48912A7D2BE51769003FE078 /* Gifu in Frameworks */,
			);
			runOnlyForDeploymentPostprocessing = 0;
		};
/* End PBXFrameworksBuildPhase section */

/* Begin PBXGroup section */
		4800FA1C2A5BFD6C00F90A3D /* Fonts */ = {
			isa = PBXGroup;
			children = (
				48307B652A43730500D3C3B0 /* Cafe24SsurroundAir.ttf */,
			);
			name = Fonts;
			sourceTree = "<group>";
		};
		48307B452A43727400D3C3B0 = {
			isa = PBXGroup;
			children = (
				48307B502A43727400D3C3B0 /* JLife */,
				48307B4F2A43727400D3C3B0 /* Products */,
			);
			sourceTree = "<group>";
		};
		48307B4F2A43727400D3C3B0 /* Products */ = {
			isa = PBXGroup;
			children = (
				48307B4E2A43727400D3C3B0 /* JLife.app */,
			);
			name = Products;
			sourceTree = "<group>";
		};
		48307B502A43727400D3C3B0 /* JLife */ = {
			isa = PBXGroup;
			children = (
				48307B5F2A43727500D3C3B0 /* Info.plist */,
				488FA5F12BDF9A6D00CA4567 /* .swiftlint.yml */,
				D207B2D92BDFB03F00A81B70 /* App */,
				488FA6042BDFCBBC00CA4567 /* CoreData */,
				D207B2D82BDFB02400A81B70 /* Resource */,
				D207B3032BE221AA00A81B70 /* Error */,
				48E469282A50A3140023B03E /* Model */,
				D207B2FF2BE2188E00A81B70 /* Manager */,
				48E4692A2A50A3740023B03E /* ViewController */,
				D207B2DA2BDFB38300A81B70 /* View */,
				48E4692C2A50A3CC0023B03E /* Service */,
			);
			path = JLife;
			sourceTree = "<group>";
		};
		488FA6042BDFCBBC00CA4567 /* CoreData */ = {
			isa = PBXGroup;
			children = (
				48D05E042BE060DF00C159C7 /* DailyBox */,
				48D05E032BE060CD00C159C7 /* DailyTodo */,
				48D05E022BE060A900C159C7 /* MonthlyBox */,
				48D05E012BE0608E00C159C7 /* TotalScore */,
			);
			name = CoreData;
			sourceTree = "<group>";
		};
		48D05E012BE0608E00C159C7 /* TotalScore */ = {
			isa = PBXGroup;
			children = (
				48D59E862BE21508005278EC /* TotalScore.xcdatamodeld */,
				48D59E8F2BE21646005278EC /* TotalScoreEntity+CoreDataClass.swift */,
				48D59E902BE21646005278EC /* TotalScoreEntity+CoreDataProperties.swift */,
			);
			name = TotalScore;
			sourceTree = "<group>";
		};
		48D05E022BE060A900C159C7 /* MonthlyBox */ = {
			isa = PBXGroup;
			children = (
				48D59E832BE214F8005278EC /* MonthlyBox.xcdatamodeld */,
				48D59E8B2BE21646005278EC /* MonthlyBoxEntity+CoreDataClass.swift */,
				48D59E8C2BE21646005278EC /* MonthlyBoxEntity+CoreDataProperties.swift */,
			);
			name = MonthlyBox;
			sourceTree = "<group>";
		};
		48D05E032BE060CD00C159C7 /* DailyTodo */ = {
			isa = PBXGroup;
			children = (
				48D59E802BE214E7005278EC /* DailyTodo.xcdatamodeld */,
				48D59E892BE21646005278EC /* DailyTodoEntity+CoreDataClass.swift */,
				48D59E8A2BE21646005278EC /* DailyTodoEntity+CoreDataProperties.swift */,
			);
			name = DailyTodo;
			sourceTree = "<group>";
		};
		48D05E042BE060DF00C159C7 /* DailyBox */ = {
			isa = PBXGroup;
			children = (
				48D59E7D2BE214D7005278EC /* DailyBox.xcdatamodeld */,
				48D59E8D2BE21646005278EC /* DailyBoxEntity+CoreDataClass.swift */,
				48D59E8E2BE21646005278EC /* DailyBoxEntity+CoreDataProperties.swift */,
			);
			name = DailyBox;
			sourceTree = "<group>";
		};
		48E469282A50A3140023B03E /* Model */ = {
			isa = PBXGroup;
			children = (
				48912AEF2BF7CD38003FE078 /* CalendarColorPalette.swift */,
				D2E7C4AF2BFF08CF0007BEC8 /* Font.swift */,
				D2E7C4AE2BFF08490007BEC8 /* CoreData */,
			);
			name = Model;
			sourceTree = "<group>";
		};
		48E4692A2A50A3740023B03E /* ViewController */ = {
			isa = PBXGroup;
			children = (
				48307B5C2A43727500D3C3B0 /* LaunchScreen.storyboard */,
				D220BA162BE51BD2007892AB /* LoadingViewController.swift */,
				48307B672A4373ED00D3C3B0 /* MainViewController.swift */,
				48C344552A4AEA2C0061F930 /* MonthlyPopUpViewController.swift */,
				48307B692A43740000D3C3B0 /* DailyViewController.swift */,
				48E4692D2A50A4140023B03E /* DailyPopUpViewController.swift */,
				48E4692F2A52E5180023B03E /* DayTodoViewController.swift */,
				4800FA1D2A5C101200F90A3D /* AlertViewController.swift */,
				48C84A4F2B7F7CA600CE1276 /* SettingViewController.swift */,
			);
			name = ViewController;
			sourceTree = "<group>";
		};
		48E4692C2A50A3CC0023B03E /* Service */ = {
			isa = PBXGroup;
			children = (
				48307B6B2A43741D00D3C3B0 /* CalendarBuilder.swift */,
			);
			name = Service;
			sourceTree = "<group>";
		};
		D207B2D82BDFB02400A81B70 /* Resource */ = {
			isa = PBXGroup;
			children = (
				48912A7E2BE5190E003FE078 /* JLifeLogo.gif */,
				48307B5A2A43727500D3C3B0 /* Assets.xcassets */,
				4800FA1C2A5BFD6C00F90A3D /* Fonts */,
			);
			name = Resource;
			sourceTree = "<group>";
		};
		D207B2D92BDFB03F00A81B70 /* App */ = {
			isa = PBXGroup;
			children = (
				48307B532A43727400D3C3B0 /* SceneDelegate.swift */,
				48307B512A43727400D3C3B0 /* AppDelegate.swift */,
			);
			name = App;
			sourceTree = "<group>";
		};
		D207B2DA2BDFB38300A81B70 /* View */ = {
			isa = PBXGroup;
			children = (
				D207B3332BE3191C00A81B70 /* Custom */,
				48912A792BE5174B003FE078 /* LoadingView.swift */,
				D207B30C2BE27BE500A81B70 /* MainCalendarView.swift */,
				48912A862BEB91DC003FE078 /* SettingView.swift */,
			);
			name = View;
			sourceTree = "<group>";
		};
		D207B2FF2BE2188E00A81B70 /* Manager */ = {
			isa = PBXGroup;
			children = (
				D207B3012BE218C200A81B70 /* CoreDataManager.swift */,
			);
			name = Manager;
			sourceTree = "<group>";
		};
		D207B3032BE221AA00A81B70 /* Error */ = {
			isa = PBXGroup;
			children = (
				D207B3042BE2221700A81B70 /* CoreDataError.swift */,
			);
			name = Error;
			sourceTree = "<group>";
		};
		D207B3332BE3191C00A81B70 /* Custom */ = {
			isa = PBXGroup;
			children = (
				D207B3342BE3197800A81B70 /* ImageButton.swift */,
				D207B3362BE31BD800A81B70 /* HorizontalStackView.swift */,
				D207B3382BE31C5A00A81B70 /* SeparatorView.swift */,
				D207B33A2BE31CCF00A81B70 /* DayLabel.swift */,
			);
			name = Custom;
			sourceTree = "<group>";
		};
		D2E7C4AE2BFF08490007BEC8 /* CoreData */ = {
			isa = PBXGroup;
			children = (
				48C344512A4889550061F930 /* Monthly.swift */,
				486368DA2A580770007CE00A /* Daily.swift */,
				486368DC2A58077B007CE00A /* Todo.swift */,
				4800FA1F2A5DA28200F90A3D /* TotalScore.swift */,
			);
			name = CoreData;
			sourceTree = "<group>";
		};
/* End PBXGroup section */

/* Begin PBXNativeTarget section */
		48307B4D2A43727400D3C3B0 /* JLife */ = {
			isa = PBXNativeTarget;
			buildConfigurationList = 48307B622A43727500D3C3B0 /* Build configuration list for PBXNativeTarget "JLife" */;
			buildPhases = (
				48307B4A2A43727400D3C3B0 /* Sources */,
				48307B4B2A43727400D3C3B0 /* Frameworks */,
				48307B4C2A43727400D3C3B0 /* Resources */,
				488FA5F02BDF999E00CA4567 /* ShellScript */,
			);
			buildRules = (
			);
			dependencies = (
				488FA5F92BDF9E5C00CA4567 /* PBXTargetDependency */,
			);
			name = JLife;
			packageProductDependencies = (
				484CE8752BB6F2D30006AE67 /* RxCocoa */,
				484CE8772BB6F2D30006AE67 /* RxRelay */,
				48912A7C2BE51769003FE078 /* Gifu */,
			);
			productName = JLife;
			productReference = 48307B4E2A43727400D3C3B0 /* JLife.app */;
			productType = "com.apple.product-type.application";
		};
/* End PBXNativeTarget section */

/* Begin PBXProject section */
		48307B462A43727400D3C3B0 /* Project object */ = {
			isa = PBXProject;
			attributes = {
				BuildIndependentTargetsInParallel = 1;
				LastSwiftUpdateCheck = 1420;
				LastUpgradeCheck = 1530;
				TargetAttributes = {
					48307B4D2A43727400D3C3B0 = {
						CreatedOnToolsVersion = 14.2;
					};
				};
			};
			buildConfigurationList = 48307B492A43727400D3C3B0 /* Build configuration list for PBXProject "JLife" */;
			compatibilityVersion = "Xcode 14.0";
			developmentRegion = en;
			hasScannedForEncodings = 0;
			knownRegions = (
				en,
				Base,
			);
			mainGroup = 48307B452A43727400D3C3B0;
			packageReferences = (
				484CE8742BB6F2D30006AE67 /* XCRemoteSwiftPackageReference "RxSwift" */,
				48912A7B2BE51769003FE078 /* XCRemoteSwiftPackageReference "Gifu" */,
			);
			productRefGroup = 48307B4F2A43727400D3C3B0 /* Products */;
			projectDirPath = "";
			projectRoot = "";
			targets = (
				48307B4D2A43727400D3C3B0 /* JLife */,
			);
		};
/* End PBXProject section */

/* Begin PBXResourcesBuildPhase section */
		48307B4C2A43727400D3C3B0 /* Resources */ = {
			isa = PBXResourcesBuildPhase;
			buildActionMask = 2147483647;
			files = (
				488FA5F22BDF9A6D00CA4567 /* .swiftlint.yml in Resources */,
				48912A7F2BE5190E003FE078 /* JLifeLogo.gif in Resources */,
				48307B662A43730500D3C3B0 /* Cafe24SsurroundAir.ttf in Resources */,
				48307B5E2A43727500D3C3B0 /* LaunchScreen.storyboard in Resources */,
				48307B5B2A43727500D3C3B0 /* Assets.xcassets in Resources */,
			);
			runOnlyForDeploymentPostprocessing = 0;
		};
/* End PBXResourcesBuildPhase section */

/* Begin PBXShellScriptBuildPhase section */
		488FA5F02BDF999E00CA4567 /* ShellScript */ = {
			isa = PBXShellScriptBuildPhase;
			alwaysOutOfDate = 1;
			buildActionMask = 2147483647;
			files = (
			);
			inputFileListPaths = (
			);
			inputPaths = (
			);
			outputFileListPaths = (
			);
			outputPaths = (
			);
			runOnlyForDeploymentPostprocessing = 0;
			shellPath = /bin/sh;
			shellScript = "export PATH=\"$PATH:/opt/homebrew/bin\"\nif which swiftlint > /dev/null; then\n  swiftlint\nelse\n  echo \"warning: SwiftLint not installed, download from https://github.com/realm/SwiftLint\"\nfi\n";
		};
/* End PBXShellScriptBuildPhase section */

/* Begin PBXSourcesBuildPhase section */
		48307B4A2A43727400D3C3B0 /* Sources */ = {
			isa = PBXSourcesBuildPhase;
			buildActionMask = 2147483647;
			files = (
				D207B3392BE31C5A00A81B70 /* SeparatorView.swift in Sources */,
				4800FA1E2A5C101200F90A3D /* AlertViewController.swift in Sources */,
				48C344562A4AEA2C0061F930 /* MonthlyPopUpViewController.swift in Sources */,
				48C84A502B7F7CA600CE1276 /* SettingViewController.swift in Sources */,
				D2E7C4B02BFF08CF0007BEC8 /* Font.swift in Sources */,
				D207B33B2BE31CCF00A81B70 /* DayLabel.swift in Sources */,
				48307B522A43727400D3C3B0 /* AppDelegate.swift in Sources */,
				D207B30D2BE27BE500A81B70 /* MainCalendarView.swift in Sources */,
				D220BA172BE51BD2007892AB /* LoadingViewController.swift in Sources */,
				48E469302A52E5180023B03E /* DayTodoViewController.swift in Sources */,
				48D59E882BE21508005278EC /* TotalScore.xcdatamodeld in Sources */,
				48C344522A4889550061F930 /* Monthly.swift in Sources */,
				48307B542A43727400D3C3B0 /* SceneDelegate.swift in Sources */,
				48D59E822BE214E7005278EC /* DailyTodo.xcdatamodeld in Sources */,
				48E4692E2A50A4140023B03E /* DailyPopUpViewController.swift in Sources */,
				48D59E7F2BE214D7005278EC /* DailyBox.xcdatamodeld in Sources */,
				48D59E912BE21646005278EC /* DailyTodoEntity+CoreDataClass.swift in Sources */,
				48D59E922BE21646005278EC /* DailyTodoEntity+CoreDataProperties.swift in Sources */,
				48912A7A2BE5174B003FE078 /* LoadingView.swift in Sources */,
				D207B3372BE31BD800A81B70 /* HorizontalStackView.swift in Sources */,
				48D59E932BE21646005278EC /* MonthlyBoxEntity+CoreDataClass.swift in Sources */,
				48D59E942BE21646005278EC /* MonthlyBoxEntity+CoreDataProperties.swift in Sources */,
				48912A872BEB91DC003FE078 /* SettingView.swift in Sources */,
				D207B3352BE3197800A81B70 /* ImageButton.swift in Sources */,
				48D59E952BE21646005278EC /* DailyBoxEntity+CoreDataClass.swift in Sources */,
				48D59E962BE21646005278EC /* DailyBoxEntity+CoreDataProperties.swift in Sources */,
				48912AF02BF7CD38003FE078 /* CalendarColorPalette.swift in Sources */,
				D207B3052BE2221700A81B70 /* CoreDataError.swift in Sources */,
				48D59E972BE21646005278EC /* TotalScoreEntity+CoreDataClass.swift in Sources */,
				48D59E982BE21646005278EC /* TotalScoreEntity+CoreDataProperties.swift in Sources */,
				48D59E852BE214F8005278EC /* MonthlyBox.xcdatamodeld in Sources */,
				486368DD2A58077B007CE00A /* Todo.swift in Sources */,
				48307B6C2A43741D00D3C3B0 /* CalendarBuilder.swift in Sources */,
				486368DB2A580770007CE00A /* Daily.swift in Sources */,
				48307B682A4373ED00D3C3B0 /* MainViewController.swift in Sources */,
				4800FA202A5DA28200F90A3D /* TotalScore.swift in Sources */,
				D207B3022BE218C200A81B70 /* CoreDataManager.swift in Sources */,
				48307B6A2A43740000D3C3B0 /* DailyViewController.swift in Sources */,
			);
			runOnlyForDeploymentPostprocessing = 0;
		};
/* End PBXSourcesBuildPhase section */

/* Begin PBXTargetDependency section */
		488FA5F92BDF9E5C00CA4567 /* PBXTargetDependency */ = {
			isa = PBXTargetDependency;
			productRef = 488FA5F82BDF9E5C00CA4567 /* SwiftLintPlugin */;
		};
/* End PBXTargetDependency section */

/* Begin PBXVariantGroup section */
		48307B5C2A43727500D3C3B0 /* LaunchScreen.storyboard */ = {
			isa = PBXVariantGroup;
			children = (
				48307B5D2A43727500D3C3B0 /* Base */,
			);
			name = LaunchScreen.storyboard;
			sourceTree = "<group>";
		};
/* End PBXVariantGroup section */

/* Begin XCBuildConfiguration section */
		48307B602A43727500D3C3B0 /* Debug */ = {
			isa = XCBuildConfiguration;
			buildSettings = {
				ALWAYS_SEARCH_USER_PATHS = NO;
				CLANG_ANALYZER_NONNULL = YES;
				CLANG_ANALYZER_NUMBER_OBJECT_CONVERSION = YES_AGGRESSIVE;
				CLANG_CXX_LANGUAGE_STANDARD = "gnu++20";
				CLANG_ENABLE_MODULES = YES;
				CLANG_ENABLE_OBJC_ARC = YES;
				CLANG_ENABLE_OBJC_WEAK = YES;
				CLANG_WARN_BLOCK_CAPTURE_AUTORELEASING = YES;
				CLANG_WARN_BOOL_CONVERSION = YES;
				CLANG_WARN_COMMA = YES;
				CLANG_WARN_CONSTANT_CONVERSION = YES;
				CLANG_WARN_DEPRECATED_OBJC_IMPLEMENTATIONS = YES;
				CLANG_WARN_DIRECT_OBJC_ISA_USAGE = YES_ERROR;
				CLANG_WARN_DOCUMENTATION_COMMENTS = YES;
				CLANG_WARN_EMPTY_BODY = YES;
				CLANG_WARN_ENUM_CONVERSION = YES;
				CLANG_WARN_INFINITE_RECURSION = YES;
				CLANG_WARN_INT_CONVERSION = YES;
				CLANG_WARN_NON_LITERAL_NULL_CONVERSION = YES;
				CLANG_WARN_OBJC_IMPLICIT_RETAIN_SELF = YES;
				CLANG_WARN_OBJC_LITERAL_CONVERSION = YES;
				CLANG_WARN_OBJC_ROOT_CLASS = YES_ERROR;
				CLANG_WARN_QUOTED_INCLUDE_IN_FRAMEWORK_HEADER = YES;
				CLANG_WARN_RANGE_LOOP_ANALYSIS = YES;
				CLANG_WARN_STRICT_PROTOTYPES = YES;
				CLANG_WARN_SUSPICIOUS_MOVE = YES;
				CLANG_WARN_UNGUARDED_AVAILABILITY = YES_AGGRESSIVE;
				CLANG_WARN_UNREACHABLE_CODE = YES;
				CLANG_WARN__DUPLICATE_METHOD_MATCH = YES;
				COPY_PHASE_STRIP = NO;
				DEBUG_INFORMATION_FORMAT = dwarf;
				ENABLE_STRICT_OBJC_MSGSEND = YES;
				ENABLE_TESTABILITY = YES;
				ENABLE_USER_SCRIPT_SANDBOXING = YES;
				GCC_C_LANGUAGE_STANDARD = gnu11;
				GCC_DYNAMIC_NO_PIC = NO;
				GCC_NO_COMMON_BLOCKS = YES;
				GCC_OPTIMIZATION_LEVEL = 0;
				GCC_PREPROCESSOR_DEFINITIONS = (
					"DEBUG=1",
					"$(inherited)",
				);
				GCC_WARN_64_TO_32_BIT_CONVERSION = YES;
				GCC_WARN_ABOUT_RETURN_TYPE = YES_ERROR;
				GCC_WARN_UNDECLARED_SELECTOR = YES;
				GCC_WARN_UNINITIALIZED_AUTOS = YES_AGGRESSIVE;
				GCC_WARN_UNUSED_FUNCTION = YES;
				GCC_WARN_UNUSED_VARIABLE = YES;
				IBSC_FLATTEN_NIBS = NO;
				IPHONEOS_DEPLOYMENT_TARGET = 15.0;
				MTL_ENABLE_DEBUG_INFO = INCLUDE_SOURCE;
				MTL_FAST_MATH = YES;
				ONLY_ACTIVE_ARCH = YES;
				SDKROOT = iphoneos;
				SWIFT_ACTIVE_COMPILATION_CONDITIONS = DEBUG;
				SWIFT_OPTIMIZATION_LEVEL = "-Onone";
			};
			name = Debug;
		};
		48307B612A43727500D3C3B0 /* Release */ = {
			isa = XCBuildConfiguration;
			buildSettings = {
				ALWAYS_SEARCH_USER_PATHS = NO;
				CLANG_ANALYZER_NONNULL = YES;
				CLANG_ANALYZER_NUMBER_OBJECT_CONVERSION = YES_AGGRESSIVE;
				CLANG_CXX_LANGUAGE_STANDARD = "gnu++20";
				CLANG_ENABLE_MODULES = YES;
				CLANG_ENABLE_OBJC_ARC = YES;
				CLANG_ENABLE_OBJC_WEAK = YES;
				CLANG_WARN_BLOCK_CAPTURE_AUTORELEASING = YES;
				CLANG_WARN_BOOL_CONVERSION = YES;
				CLANG_WARN_COMMA = YES;
				CLANG_WARN_CONSTANT_CONVERSION = YES;
				CLANG_WARN_DEPRECATED_OBJC_IMPLEMENTATIONS = YES;
				CLANG_WARN_DIRECT_OBJC_ISA_USAGE = YES_ERROR;
				CLANG_WARN_DOCUMENTATION_COMMENTS = YES;
				CLANG_WARN_EMPTY_BODY = YES;
				CLANG_WARN_ENUM_CONVERSION = YES;
				CLANG_WARN_INFINITE_RECURSION = YES;
				CLANG_WARN_INT_CONVERSION = YES;
				CLANG_WARN_NON_LITERAL_NULL_CONVERSION = YES;
				CLANG_WARN_OBJC_IMPLICIT_RETAIN_SELF = YES;
				CLANG_WARN_OBJC_LITERAL_CONVERSION = YES;
				CLANG_WARN_OBJC_ROOT_CLASS = YES_ERROR;
				CLANG_WARN_QUOTED_INCLUDE_IN_FRAMEWORK_HEADER = YES;
				CLANG_WARN_RANGE_LOOP_ANALYSIS = YES;
				CLANG_WARN_STRICT_PROTOTYPES = YES;
				CLANG_WARN_SUSPICIOUS_MOVE = YES;
				CLANG_WARN_UNGUARDED_AVAILABILITY = YES_AGGRESSIVE;
				CLANG_WARN_UNREACHABLE_CODE = YES;
				CLANG_WARN__DUPLICATE_METHOD_MATCH = YES;
				COPY_PHASE_STRIP = NO;
				DEBUG_INFORMATION_FORMAT = "dwarf-with-dsym";
				ENABLE_NS_ASSERTIONS = NO;
				ENABLE_STRICT_OBJC_MSGSEND = YES;
				ENABLE_USER_SCRIPT_SANDBOXING = YES;
				GCC_C_LANGUAGE_STANDARD = gnu11;
				GCC_NO_COMMON_BLOCKS = YES;
				GCC_WARN_64_TO_32_BIT_CONVERSION = YES;
				GCC_WARN_ABOUT_RETURN_TYPE = YES_ERROR;
				GCC_WARN_UNDECLARED_SELECTOR = YES;
				GCC_WARN_UNINITIALIZED_AUTOS = YES_AGGRESSIVE;
				GCC_WARN_UNUSED_FUNCTION = YES;
				GCC_WARN_UNUSED_VARIABLE = YES;
				IBSC_FLATTEN_NIBS = NO;
				IPHONEOS_DEPLOYMENT_TARGET = 15.0;
				MTL_ENABLE_DEBUG_INFO = NO;
				MTL_FAST_MATH = YES;
				SDKROOT = iphoneos;
				SWIFT_COMPILATION_MODE = wholemodule;
				SWIFT_OPTIMIZATION_LEVEL = "-O";
				VALIDATE_PRODUCT = YES;
			};
			name = Release;
		};
		48307B632A43727500D3C3B0 /* Debug */ = {
			isa = XCBuildConfiguration;
			buildSettings = {
				ASSETCATALOG_COMPILER_APPICON_NAME = AppIcon;
				ASSETCATALOG_COMPILER_GLOBAL_ACCENT_COLOR_NAME = AccentColor;
				CODE_SIGN_IDENTITY = "Apple Development";
				CODE_SIGN_STYLE = Automatic;
				CURRENT_PROJECT_VERSION = 1;
				DEVELOPMENT_TEAM = V66F4B3KJ5;
				ENABLE_USER_SCRIPT_SANDBOXING = NO;
				GENERATE_INFOPLIST_FILE = YES;
				INFOPLIST_FILE = JLife/Info.plist;
				INFOPLIST_KEY_CFBundleDisplayName = JLife;
				INFOPLIST_KEY_LSApplicationCategoryType = "public.app-category.lifestyle";
				INFOPLIST_KEY_UIApplicationSupportsIndirectInputEvents = YES;
				INFOPLIST_KEY_UILaunchStoryboardName = LaunchScreen.storyboard;
				INFOPLIST_KEY_UIStatusBarStyle = "";
				INFOPLIST_KEY_UISupportedInterfaceOrientations = UIInterfaceOrientationPortrait;
				INFOPLIST_KEY_UISupportedInterfaceOrientations_iPad = "UIInterfaceOrientationLandscapeLeft UIInterfaceOrientationLandscapeRight UIInterfaceOrientationPortrait UIInterfaceOrientationPortraitUpsideDown";
				IPHONEOS_DEPLOYMENT_TARGET = 15.0;
				LD_RUNPATH_SEARCH_PATHS = (
					"$(inherited)",
					"@executable_path/Frameworks",
				);
				MARKETING_VERSION = 1.1.0;
				PRODUCT_BUNDLE_IDENTIFIER = com.wjddmslec.JLife;
				PRODUCT_NAME = "$(TARGET_NAME)";
				PROVISIONING_PROFILE_SPECIFIER = "";
				SUPPORTED_PLATFORMS = "iphoneos iphonesimulator";
				SUPPORTS_MACCATALYST = NO;
				SUPPORTS_MAC_DESIGNED_FOR_IPHONE_IPAD = NO;
				SUPPORTS_XR_DESIGNED_FOR_IPHONE_IPAD = NO;
				SWIFT_EMIT_LOC_STRINGS = YES;
				SWIFT_VERSION = 5.0;
				TARGETED_DEVICE_FAMILY = 1;
			};
			name = Debug;
		};
		48307B642A43727500D3C3B0 /* Release */ = {
			isa = XCBuildConfiguration;
			buildSettings = {
				ASSETCATALOG_COMPILER_APPICON_NAME = AppIcon;
				ASSETCATALOG_COMPILER_GLOBAL_ACCENT_COLOR_NAME = AccentColor;
				CODE_SIGN_IDENTITY = "Apple Development";
				CODE_SIGN_STYLE = Automatic;
				CURRENT_PROJECT_VERSION = 1;
				DEVELOPMENT_TEAM = V66F4B3KJ5;
				ENABLE_USER_SCRIPT_SANDBOXING = NO;
				GENERATE_INFOPLIST_FILE = YES;
				INFOPLIST_FILE = JLife/Info.plist;
				INFOPLIST_KEY_CFBundleDisplayName = JLife;
				INFOPLIST_KEY_LSApplicationCategoryType = "public.app-category.lifestyle";
				INFOPLIST_KEY_UIApplicationSupportsIndirectInputEvents = YES;
				INFOPLIST_KEY_UILaunchStoryboardName = LaunchScreen.storyboard;
				INFOPLIST_KEY_UIStatusBarStyle = "";
				INFOPLIST_KEY_UISupportedInterfaceOrientations = UIInterfaceOrientationPortrait;
				INFOPLIST_KEY_UISupportedInterfaceOrientations_iPad = "UIInterfaceOrientationLandscapeLeft UIInterfaceOrientationLandscapeRight UIInterfaceOrientationPortrait UIInterfaceOrientationPortraitUpsideDown";
				IPHONEOS_DEPLOYMENT_TARGET = 15.0;
				LD_RUNPATH_SEARCH_PATHS = (
					"$(inherited)",
					"@executable_path/Frameworks",
				);
				MARKETING_VERSION = 1.1.0;
				PRODUCT_BUNDLE_IDENTIFIER = com.wjddmslec.JLife;
				PRODUCT_NAME = "$(TARGET_NAME)";
				PROVISIONING_PROFILE_SPECIFIER = "";
				SUPPORTED_PLATFORMS = "iphoneos iphonesimulator";
				SUPPORTS_MACCATALYST = NO;
				SUPPORTS_MAC_DESIGNED_FOR_IPHONE_IPAD = NO;
				SUPPORTS_XR_DESIGNED_FOR_IPHONE_IPAD = NO;
				SWIFT_EMIT_LOC_STRINGS = YES;
				SWIFT_VERSION = 5.0;
				TARGETED_DEVICE_FAMILY = 1;
			};
			name = Release;
		};
/* End XCBuildConfiguration section */

/* Begin XCConfigurationList section */
		48307B492A43727400D3C3B0 /* Build configuration list for PBXProject "JLife" */ = {
			isa = XCConfigurationList;
			buildConfigurations = (
				48307B602A43727500D3C3B0 /* Debug */,
				48307B612A43727500D3C3B0 /* Release */,
			);
			defaultConfigurationIsVisible = 0;
			defaultConfigurationName = Release;
		};
		48307B622A43727500D3C3B0 /* Build configuration list for PBXNativeTarget "JLife" */ = {
			isa = XCConfigurationList;
			buildConfigurations = (
				48307B632A43727500D3C3B0 /* Debug */,
				48307B642A43727500D3C3B0 /* Release */,
			);
			defaultConfigurationIsVisible = 0;
			defaultConfigurationName = Release;
		};
/* End XCConfigurationList section */

/* Begin XCRemoteSwiftPackageReference section */
		484CE8742BB6F2D30006AE67 /* XCRemoteSwiftPackageReference "RxSwift" */ = {
			isa = XCRemoteSwiftPackageReference;
			repositoryURL = "https://github.com/ReactiveX/RxSwift";
			requirement = {
				kind = upToNextMajorVersion;
				minimumVersion = 6.6.0;
			};
		};
		488FA5F32BDF9E3000CA4567 /* XCRemoteSwiftPackageReference "SwiftLint" */ = {
			isa = XCRemoteSwiftPackageReference;
			repositoryURL = "https://github.com/realm/SwiftLint";
			requirement = {
				kind = upToNextMinorVersion;
				minimumVersion = 0.54.0;
			};
		};
		48912A7B2BE51769003FE078 /* XCRemoteSwiftPackageReference "Gifu" */ = {
			isa = XCRemoteSwiftPackageReference;
			repositoryURL = "https://github.com/kaishin/Gifu.git";
			requirement = {
				branch = master;
				kind = branch;
			};
		};
/* End XCRemoteSwiftPackageReference section */

/* Begin XCSwiftPackageProductDependency section */
		484CE8752BB6F2D30006AE67 /* RxCocoa */ = {
			isa = XCSwiftPackageProductDependency;
			package = 484CE8742BB6F2D30006AE67 /* XCRemoteSwiftPackageReference "RxSwift" */;
			productName = RxCocoa;
		};
		484CE8772BB6F2D30006AE67 /* RxRelay */ = {
			isa = XCSwiftPackageProductDependency;
			package = 484CE8742BB6F2D30006AE67 /* XCRemoteSwiftPackageReference "RxSwift" */;
			productName = RxRelay;
		};
		488FA5F82BDF9E5C00CA4567 /* SwiftLintPlugin */ = {
			isa = XCSwiftPackageProductDependency;
			package = 488FA5F32BDF9E3000CA4567 /* XCRemoteSwiftPackageReference "SwiftLint" */;
			productName = "plugin:SwiftLintPlugin";
		};
		48912A7C2BE51769003FE078 /* Gifu */ = {
			isa = XCSwiftPackageProductDependency;
			package = 48912A7B2BE51769003FE078 /* XCRemoteSwiftPackageReference "Gifu" */;
			productName = Gifu;
		};
/* End XCSwiftPackageProductDependency section */

/* Begin XCVersionGroup section */
		48D59E7D2BE214D7005278EC /* DailyBox.xcdatamodeld */ = {
			isa = XCVersionGroup;
			children = (
				48D59E7E2BE214D7005278EC /* DailyBox.xcdatamodel */,
			);
			currentVersion = 48D59E7E2BE214D7005278EC /* DailyBox.xcdatamodel */;
			path = DailyBox.xcdatamodeld;
			sourceTree = "<group>";
			versionGroupType = wrapper.xcdatamodel;
		};
		48D59E802BE214E7005278EC /* DailyTodo.xcdatamodeld */ = {
			isa = XCVersionGroup;
			children = (
				48D59E812BE214E7005278EC /* DailyTodo.xcdatamodel */,
			);
			currentVersion = 48D59E812BE214E7005278EC /* DailyTodo.xcdatamodel */;
			path = DailyTodo.xcdatamodeld;
			sourceTree = "<group>";
			versionGroupType = wrapper.xcdatamodel;
		};
		48D59E832BE214F8005278EC /* MonthlyBox.xcdatamodeld */ = {
			isa = XCVersionGroup;
			children = (
				48D59E842BE214F8005278EC /* MonthlyBox.xcdatamodel */,
			);
			currentVersion = 48D59E842BE214F8005278EC /* MonthlyBox.xcdatamodel */;
			path = MonthlyBox.xcdatamodeld;
			sourceTree = "<group>";
			versionGroupType = wrapper.xcdatamodel;
		};
		48D59E862BE21508005278EC /* TotalScore.xcdatamodeld */ = {
			isa = XCVersionGroup;
			children = (
				48D59E872BE21508005278EC /* TotalScore.xcdatamodel */,
			);
			currentVersion = 48D59E872BE21508005278EC /* TotalScore.xcdatamodel */;
			path = TotalScore.xcdatamodeld;
			sourceTree = "<group>";
			versionGroupType = wrapper.xcdatamodel;
		};
/* End XCVersionGroup section */
	};
	rootObject = 48307B462A43727400D3C3B0 /* Project object */;
}
