// !$*UTF8*$!
{
	archiveVersion = 1;
	classes = {
	};
	objectVersion = 56;
	objects = {

/* Begin PBXBuildFile section */
		4800FA1E2A5C101200F90A3D /* AlertViewController.swift in Sources */ = {isa = PBXBuildFile; fileRef = 4800FA1D2A5C101200F90A3D /* AlertViewController.swift */; };
		48307B522A43727400D3C3B0 /* AppDelegate.swift in Sources */ = {isa = PBXBuildFile; fileRef = 48307B512A43727400D3C3B0 /* AppDelegate.swift */; };
		48307B542A43727400D3C3B0 /* SceneDelegate.swift in Sources */ = {isa = PBXBuildFile; fileRef = 48307B532A43727400D3C3B0 /* SceneDelegate.swift */; };
		48307B592A43727400D3C3B0 /* Main.storyboard in Resources */ = {isa = PBXBuildFile; fileRef = 48307B572A43727400D3C3B0 /* Main.storyboard */; };
		48307B5B2A43727500D3C3B0 /* Assets.xcassets in Resources */ = {isa = PBXBuildFile; fileRef = 48307B5A2A43727500D3C3B0 /* Assets.xcassets */; };
		48307B5E2A43727500D3C3B0 /* LaunchScreen.storyboard in Resources */ = {isa = PBXBuildFile; fileRef = 48307B5C2A43727500D3C3B0 /* LaunchScreen.storyboard */; };
		48307B662A43730500D3C3B0 /* Cafe24SsurroundAir.ttf in Resources */ = {isa = PBXBuildFile; fileRef = 48307B652A43730500D3C3B0 /* Cafe24SsurroundAir.ttf */; };
		48307B682A4373ED00D3C3B0 /* MainViewController.swift in Sources */ = {isa = PBXBuildFile; fileRef = 48307B672A4373ED00D3C3B0 /* MainViewController.swift */; };
		48307B6A2A43740000D3C3B0 /* DailyViewController.swift in Sources */ = {isa = PBXBuildFile; fileRef = 48307B692A43740000D3C3B0 /* DailyViewController.swift */; };
		48307B6C2A43741D00D3C3B0 /* CalendarBuilder.swift in Sources */ = {isa = PBXBuildFile; fileRef = 48307B6B2A43741D00D3C3B0 /* CalendarBuilder.swift */; };
		48307B6E2A43788800D3C3B0 /* CalendarCell.swift in Sources */ = {isa = PBXBuildFile; fileRef = 48307B6D2A43788800D3C3B0 /* CalendarCell.swift */; };
		486368DB2A580770007CE00A /* Daily.swift in Sources */ = {isa = PBXBuildFile; fileRef = 486368DA2A580770007CE00A /* Daily.swift */; };
		486368DD2A58077B007CE00A /* Todo.swift in Sources */ = {isa = PBXBuildFile; fileRef = 486368DC2A58077B007CE00A /* Todo.swift */; };
		486368E12A5807BD007CE00A /* TodoListCell.swift in Sources */ = {isa = PBXBuildFile; fileRef = 486368E02A5807BD007CE00A /* TodoListCell.swift */; };
		48C344522A4889550061F930 /* Monthly.swift in Sources */ = {isa = PBXBuildFile; fileRef = 48C344512A4889550061F930 /* Monthly.swift */; };
		48C344562A4AEA2C0061F930 /* MonthlyPopUpViewController.swift in Sources */ = {isa = PBXBuildFile; fileRef = 48C344552A4AEA2C0061F930 /* MonthlyPopUpViewController.swift */; };
		48E4692E2A50A4140023B03E /* DailyPopUpViewController.swift in Sources */ = {isa = PBXBuildFile; fileRef = 48E4692D2A50A4140023B03E /* DailyPopUpViewController.swift */; };
		48E469302A52E5180023B03E /* DayTodoViewController.swift in Sources */ = {isa = PBXBuildFile; fileRef = 48E4692F2A52E5180023B03E /* DayTodoViewController.swift */; };
/* End PBXBuildFile section */

/* Begin PBXFileReference section */
		4800FA1D2A5C101200F90A3D /* AlertViewController.swift */ = {isa = PBXFileReference; lastKnownFileType = sourcecode.swift; path = AlertViewController.swift; sourceTree = "<group>"; };
		48307B4E2A43727400D3C3B0 /* JLife.app */ = {isa = PBXFileReference; explicitFileType = wrapper.application; includeInIndex = 0; path = JLife.app; sourceTree = BUILT_PRODUCTS_DIR; };
		48307B512A43727400D3C3B0 /* AppDelegate.swift */ = {isa = PBXFileReference; lastKnownFileType = sourcecode.swift; path = AppDelegate.swift; sourceTree = "<group>"; };
		48307B532A43727400D3C3B0 /* SceneDelegate.swift */ = {isa = PBXFileReference; lastKnownFileType = sourcecode.swift; path = SceneDelegate.swift; sourceTree = "<group>"; };
		48307B582A43727400D3C3B0 /* Base */ = {isa = PBXFileReference; lastKnownFileType = file.storyboard; name = Base; path = Base.lproj/Main.storyboard; sourceTree = "<group>"; };
		48307B5A2A43727500D3C3B0 /* Assets.xcassets */ = {isa = PBXFileReference; lastKnownFileType = folder.assetcatalog; path = Assets.xcassets; sourceTree = "<group>"; };
		48307B5D2A43727500D3C3B0 /* Base */ = {isa = PBXFileReference; lastKnownFileType = file.storyboard; name = Base; path = Base.lproj/LaunchScreen.storyboard; sourceTree = "<group>"; };
		48307B5F2A43727500D3C3B0 /* Info.plist */ = {isa = PBXFileReference; lastKnownFileType = text.plist.xml; path = Info.plist; sourceTree = "<group>"; };
		48307B652A43730500D3C3B0 /* Cafe24SsurroundAir.ttf */ = {isa = PBXFileReference; lastKnownFileType = file; path = Cafe24SsurroundAir.ttf; sourceTree = "<group>"; };
		48307B672A4373ED00D3C3B0 /* MainViewController.swift */ = {isa = PBXFileReference; lastKnownFileType = sourcecode.swift; path = MainViewController.swift; sourceTree = "<group>"; };
		48307B692A43740000D3C3B0 /* DailyViewController.swift */ = {isa = PBXFileReference; lastKnownFileType = sourcecode.swift; path = DailyViewController.swift; sourceTree = "<group>"; };
		48307B6B2A43741D00D3C3B0 /* CalendarBuilder.swift */ = {isa = PBXFileReference; lastKnownFileType = sourcecode.swift; path = CalendarBuilder.swift; sourceTree = "<group>"; };
		48307B6D2A43788800D3C3B0 /* CalendarCell.swift */ = {isa = PBXFileReference; lastKnownFileType = sourcecode.swift; path = CalendarCell.swift; sourceTree = "<group>"; };
		486368DA2A580770007CE00A /* Daily.swift */ = {isa = PBXFileReference; lastKnownFileType = sourcecode.swift; path = Daily.swift; sourceTree = "<group>"; };
		486368DC2A58077B007CE00A /* Todo.swift */ = {isa = PBXFileReference; lastKnownFileType = sourcecode.swift; path = Todo.swift; sourceTree = "<group>"; };
		486368E02A5807BD007CE00A /* TodoListCell.swift */ = {isa = PBXFileReference; lastKnownFileType = sourcecode.swift; path = TodoListCell.swift; sourceTree = "<group>"; };
		48C344512A4889550061F930 /* Monthly.swift */ = {isa = PBXFileReference; lastKnownFileType = sourcecode.swift; path = Monthly.swift; sourceTree = "<group>"; };
		48C344552A4AEA2C0061F930 /* MonthlyPopUpViewController.swift */ = {isa = PBXFileReference; lastKnownFileType = sourcecode.swift; path = MonthlyPopUpViewController.swift; sourceTree = "<group>"; };
		48E4692D2A50A4140023B03E /* DailyPopUpViewController.swift */ = {isa = PBXFileReference; lastKnownFileType = sourcecode.swift; path = DailyPopUpViewController.swift; sourceTree = "<group>"; };
		48E4692F2A52E5180023B03E /* DayTodoViewController.swift */ = {isa = PBXFileReference; lastKnownFileType = sourcecode.swift; path = DayTodoViewController.swift; sourceTree = "<group>"; };
/* End PBXFileReference section */

/* Begin PBXFrameworksBuildPhase section */
		48307B4B2A43727400D3C3B0 /* Frameworks */ = {
			isa = PBXFrameworksBuildPhase;
			buildActionMask = 2147483647;
			files = (
			);
			runOnlyForDeploymentPostprocessing = 0;
		};
/* End PBXFrameworksBuildPhase section */

/* Begin PBXGroup section */
		4800FA1C2A5BFD6C00F90A3D /* Fonts */ = {
			isa = PBXGroup;
			children = (
				48307B652A43730500D3C3B0 /* Cafe24SsurroundAir.ttf */,
			);
			name = Fonts;
			sourceTree = "<group>";
		};
		48307B452A43727400D3C3B0 = {
			isa = PBXGroup;
			children = (
				48307B502A43727400D3C3B0 /* JLife */,
				48307B4F2A43727400D3C3B0 /* Products */,
			);
			sourceTree = "<group>";
		};
		48307B4F2A43727400D3C3B0 /* Products */ = {
			isa = PBXGroup;
			children = (
				48307B4E2A43727400D3C3B0 /* JLife.app */,
			);
			name = Products;
			sourceTree = "<group>";
		};
		48307B502A43727400D3C3B0 /* JLife */ = {
			isa = PBXGroup;
			children = (
				4800FA1C2A5BFD6C00F90A3D /* Fonts */,
				48307B512A43727400D3C3B0 /* AppDelegate.swift */,
				48307B532A43727400D3C3B0 /* SceneDelegate.swift */,
				48307B572A43727400D3C3B0 /* Main.storyboard */,
				48307B5C2A43727500D3C3B0 /* LaunchScreen.storyboard */,
				48307B5A2A43727500D3C3B0 /* Assets.xcassets */,
				48307B5F2A43727500D3C3B0 /* Info.plist */,
				48E4692A2A50A3740023B03E /* View Group */,
				48E4692B2A50A3A30023B03E /* Cell Group */,
				48E469282A50A3140023B03E /* Model */,
				48E4692C2A50A3CC0023B03E /* Builder */,
			);
			path = JLife;
			sourceTree = "<group>";
		};
		48E469282A50A3140023B03E /* Model */ = {
			isa = PBXGroup;
			children = (
				48C344512A4889550061F930 /* Monthly.swift */,
				486368DA2A580770007CE00A /* Daily.swift */,
				486368DC2A58077B007CE00A /* Todo.swift */,
			);
			name = Model;
			sourceTree = "<group>";
		};
		48E4692A2A50A3740023B03E /* View Group */ = {
			isa = PBXGroup;
			children = (
				48307B672A4373ED00D3C3B0 /* MainViewController.swift */,
				48C344552A4AEA2C0061F930 /* MonthlyPopUpViewController.swift */,
				48307B692A43740000D3C3B0 /* DailyViewController.swift */,
				48E4692D2A50A4140023B03E /* DailyPopUpViewController.swift */,
				48E4692F2A52E5180023B03E /* DayTodoViewController.swift */,
				4800FA1D2A5C101200F90A3D /* AlertViewController.swift */,
			);
			name = "View Group";
			sourceTree = "<group>";
		};
		48E4692B2A50A3A30023B03E /* Cell Group */ = {
			isa = PBXGroup;
			children = (
				48307B6D2A43788800D3C3B0 /* CalendarCell.swift */,
				486368E02A5807BD007CE00A /* TodoListCell.swift */,
			);
			name = "Cell Group";
			sourceTree = "<group>";
		};
		48E4692C2A50A3CC0023B03E /* Builder */ = {
			isa = PBXGroup;
			children = (
				48307B6B2A43741D00D3C3B0 /* CalendarBuilder.swift */,
			);
			name = Builder;
			sourceTree = "<group>";
		};
/* End PBXGroup section */

/* Begin PBXNativeTarget section */
		48307B4D2A43727400D3C3B0 /* JLife */ = {
			isa = PBXNativeTarget;
			buildConfigurationList = 48307B622A43727500D3C3B0 /* Build configuration list for PBXNativeTarget "JLife" */;
			buildPhases = (
				48307B4A2A43727400D3C3B0 /* Sources */,
				48307B4B2A43727400D3C3B0 /* Frameworks */,
				48307B4C2A43727400D3C3B0 /* Resources */,
			);
			buildRules = (
			);
			dependencies = (
			);
			name = JLife;
			productName = JLife;
			productReference = 48307B4E2A43727400D3C3B0 /* JLife.app */;
			productType = "com.apple.product-type.application";
		};
/* End PBXNativeTarget section */

/* Begin PBXProject section */
		48307B462A43727400D3C3B0 /* Project object */ = {
			isa = PBXProject;
			attributes = {
				BuildIndependentTargetsInParallel = 1;
				LastSwiftUpdateCheck = 1420;
				LastUpgradeCheck = 1420;
				TargetAttributes = {
					48307B4D2A43727400D3C3B0 = {
						CreatedOnToolsVersion = 14.2;
					};
				};
			};
			buildConfigurationList = 48307B492A43727400D3C3B0 /* Build configuration list for PBXProject "JLife" */;
			compatibilityVersion = "Xcode 14.0";
			developmentRegion = en;
			hasScannedForEncodings = 0;
			knownRegions = (
				en,
				Base,
			);
			mainGroup = 48307B452A43727400D3C3B0;
			productRefGroup = 48307B4F2A43727400D3C3B0 /* Products */;
			projectDirPath = "";
			projectRoot = "";
			targets = (
				48307B4D2A43727400D3C3B0 /* JLife */,
			);
		};
/* End PBXProject section */

/* Begin PBXResourcesBuildPhase section */
		48307B4C2A43727400D3C3B0 /* Resources */ = {
			isa = PBXResourcesBuildPhase;
			buildActionMask = 2147483647;
			files = (
				48307B662A43730500D3C3B0 /* Cafe24SsurroundAir.ttf in Resources */,
				48307B5E2A43727500D3C3B0 /* LaunchScreen.storyboard in Resources */,
				48307B5B2A43727500D3C3B0 /* Assets.xcassets in Resources */,
				48307B592A43727400D3C3B0 /* Main.storyboard in Resources */,
			);
			runOnlyForDeploymentPostprocessing = 0;
		};
/* End PBXResourcesBuildPhase section */

/* Begin PBXSourcesBuildPhase section */
		48307B4A2A43727400D3C3B0 /* Sources */ = {
			isa = PBXSourcesBuildPhase;
			buildActionMask = 2147483647;
			files = (
				48307B6E2A43788800D3C3B0 /* CalendarCell.swift in Sources */,
				4800FA1E2A5C101200F90A3D /* AlertViewController.swift in Sources */,
				48C344562A4AEA2C0061F930 /* MonthlyPopUpViewController.swift in Sources */,
				48307B522A43727400D3C3B0 /* AppDelegate.swift in Sources */,
				48E469302A52E5180023B03E /* DayTodoViewController.swift in Sources */,
				48C344522A4889550061F930 /* Monthly.swift in Sources */,
				48307B542A43727400D3C3B0 /* SceneDelegate.swift in Sources */,
				48E4692E2A50A4140023B03E /* DailyPopUpViewController.swift in Sources */,
				486368DD2A58077B007CE00A /* Todo.swift in Sources */,
				486368E12A5807BD007CE00A /* TodoListCell.swift in Sources */,
				48307B6C2A43741D00D3C3B0 /* CalendarBuilder.swift in Sources */,
				486368DB2A580770007CE00A /* Daily.swift in Sources */,
				48307B682A4373ED00D3C3B0 /* MainViewController.swift in Sources */,
				48307B6A2A43740000D3C3B0 /* DailyViewController.swift in Sources */,
			);
			runOnlyForDeploymentPostprocessing = 0;
		};
/* End PBXSourcesBuildPhase section */

/* Begin PBXVariantGroup section */
		48307B572A43727400D3C3B0 /* Main.storyboard */ = {
			isa = PBXVariantGroup;
			children = (
				48307B582A43727400D3C3B0 /* Base */,
			);
			name = Main.storyboard;
			sourceTree = "<group>";
		};
		48307B5C2A43727500D3C3B0 /* LaunchScreen.storyboard */ = {
			isa = PBXVariantGroup;
			children = (
				48307B5D2A43727500D3C3B0 /* Base */,
			);
			name = LaunchScreen.storyboard;
			sourceTree = "<group>";
		};
/* End PBXVariantGroup section */

/* Begin XCBuildConfiguration section */
		48307B602A43727500D3C3B0 /* Debug */ = {
			isa = XCBuildConfiguration;
			buildSettings = {
				ALWAYS_SEARCH_USER_PATHS = NO;
				CLANG_ANALYZER_NONNULL = YES;
				CLANG_ANALYZER_NUMBER_OBJECT_CONVERSION = YES_AGGRESSIVE;
				CLANG_CXX_LANGUAGE_STANDARD = "gnu++20";
				CLANG_ENABLE_MODULES = YES;
				CLANG_ENABLE_OBJC_ARC = YES;
				CLANG_ENABLE_OBJC_WEAK = YES;
				CLANG_WARN_BLOCK_CAPTURE_AUTORELEASING = YES;
				CLANG_WARN_BOOL_CONVERSION = YES;
				CLANG_WARN_COMMA = YES;
				CLANG_WARN_CONSTANT_CONVERSION = YES;
				CLANG_WARN_DEPRECATED_OBJC_IMPLEMENTATIONS = YES;
				CLANG_WARN_DIRECT_OBJC_ISA_USAGE = YES_ERROR;
				CLANG_WARN_DOCUMENTATION_COMMENTS = YES;
				CLANG_WARN_EMPTY_BODY = YES;
				CLANG_WARN_ENUM_CONVERSION = YES;
				CLANG_WARN_INFINITE_RECURSION = YES;
				CLANG_WARN_INT_CONVERSION = YES;
				CLANG_WARN_NON_LITERAL_NULL_CONVERSION = YES;
				CLANG_WARN_OBJC_IMPLICIT_RETAIN_SELF = YES;
				CLANG_WARN_OBJC_LITERAL_CONVERSION = YES;
				CLANG_WARN_OBJC_ROOT_CLASS = YES_ERROR;
				CLANG_WARN_QUOTED_INCLUDE_IN_FRAMEWORK_HEADER = YES;
				CLANG_WARN_RANGE_LOOP_ANALYSIS = YES;
				CLANG_WARN_STRICT_PROTOTYPES = YES;
				CLANG_WARN_SUSPICIOUS_MOVE = YES;
				CLANG_WARN_UNGUARDED_AVAILABILITY = YES_AGGRESSIVE;
				CLANG_WARN_UNREACHABLE_CODE = YES;
				CLANG_WARN__DUPLICATE_METHOD_MATCH = YES;
				COPY_PHASE_STRIP = NO;
				DEBUG_INFORMATION_FORMAT = dwarf;
				ENABLE_STRICT_OBJC_MSGSEND = YES;
				ENABLE_TESTABILITY = YES;
				GCC_C_LANGUAGE_STANDARD = gnu11;
				GCC_DYNAMIC_NO_PIC = NO;
				GCC_NO_COMMON_BLOCKS = YES;
				GCC_OPTIMIZATION_LEVEL = 0;
				GCC_PREPROCESSOR_DEFINITIONS = (
					"DEBUG=1",
					"$(inherited)",
				);
				GCC_WARN_64_TO_32_BIT_CONVERSION = YES;
				GCC_WARN_ABOUT_RETURN_TYPE = YES_ERROR;
				GCC_WARN_UNDECLARED_SELECTOR = YES;
				GCC_WARN_UNINITIALIZED_AUTOS = YES_AGGRESSIVE;
				GCC_WARN_UNUSED_FUNCTION = YES;
				GCC_WARN_UNUSED_VARIABLE = YES;
				IPHONEOS_DEPLOYMENT_TARGET = 16.0;
				MTL_ENABLE_DEBUG_INFO = INCLUDE_SOURCE;
				MTL_FAST_MATH = YES;
				ONLY_ACTIVE_ARCH = YES;
				SDKROOT = iphoneos;
				SWIFT_ACTIVE_COMPILATION_CONDITIONS = DEBUG;
				SWIFT_OPTIMIZATION_LEVEL = "-Onone";
			};
			name = Debug;
		};
		48307B612A43727500D3C3B0 /* Release */ = {
			isa = XCBuildConfiguration;
			buildSettings = {
				ALWAYS_SEARCH_USER_PATHS = NO;
				CLANG_ANALYZER_NONNULL = YES;
				CLANG_ANALYZER_NUMBER_OBJECT_CONVERSION = YES_AGGRESSIVE;
				CLANG_CXX_LANGUAGE_STANDARD = "gnu++20";
				CLANG_ENABLE_MODULES = YES;
				CLANG_ENABLE_OBJC_ARC = YES;
				CLANG_ENABLE_OBJC_WEAK = YES;
				CLANG_WARN_BLOCK_CAPTURE_AUTORELEASING = YES;
				CLANG_WARN_BOOL_CONVERSION = YES;
				CLANG_WARN_COMMA = YES;
				CLANG_WARN_CONSTANT_CONVERSION = YES;
				CLANG_WARN_DEPRECATED_OBJC_IMPLEMENTATIONS = YES;
				CLANG_WARN_DIRECT_OBJC_ISA_USAGE = YES_ERROR;
				CLANG_WARN_DOCUMENTATION_COMMENTS = YES;
				CLANG_WARN_EMPTY_BODY = YES;
				CLANG_WARN_ENUM_CONVERSION = YES;
				CLANG_WARN_INFINITE_RECURSION = YES;
				CLANG_WARN_INT_CONVERSION = YES;
				CLANG_WARN_NON_LITERAL_NULL_CONVERSION = YES;
				CLANG_WARN_OBJC_IMPLICIT_RETAIN_SELF = YES;
				CLANG_WARN_OBJC_LITERAL_CONVERSION = YES;
				CLANG_WARN_OBJC_ROOT_CLASS = YES_ERROR;
				CLANG_WARN_QUOTED_INCLUDE_IN_FRAMEWORK_HEADER = YES;
				CLANG_WARN_RANGE_LOOP_ANALYSIS = YES;
				CLANG_WARN_STRICT_PROTOTYPES = YES;
				CLANG_WARN_SUSPICIOUS_MOVE = YES;
				CLANG_WARN_UNGUARDED_AVAILABILITY = YES_AGGRESSIVE;
				CLANG_WARN_UNREACHABLE_CODE = YES;
				CLANG_WARN__DUPLICATE_METHOD_MATCH = YES;
				COPY_PHASE_STRIP = NO;
				DEBUG_INFORMATION_FORMAT = "dwarf-with-dsym";
				ENABLE_NS_ASSERTIONS = NO;
				ENABLE_STRICT_OBJC_MSGSEND = YES;
				GCC_C_LANGUAGE_STANDARD = gnu11;
				GCC_NO_COMMON_BLOCKS = YES;
				GCC_WARN_64_TO_32_BIT_CONVERSION = YES;
				GCC_WARN_ABOUT_RETURN_TYPE = YES_ERROR;
				GCC_WARN_UNDECLARED_SELECTOR = YES;
				GCC_WARN_UNINITIALIZED_AUTOS = YES_AGGRESSIVE;
				GCC_WARN_UNUSED_FUNCTION = YES;
				GCC_WARN_UNUSED_VARIABLE = YES;
				IPHONEOS_DEPLOYMENT_TARGET = 16.0;
				MTL_ENABLE_DEBUG_INFO = NO;
				MTL_FAST_MATH = YES;
				SDKROOT = iphoneos;
				SWIFT_COMPILATION_MODE = wholemodule;
				SWIFT_OPTIMIZATION_LEVEL = "-O";
				VALIDATE_PRODUCT = YES;
			};
			name = Release;
		};
		48307B632A43727500D3C3B0 /* Debug */ = {
			isa = XCBuildConfiguration;
			buildSettings = {
				ASSETCATALOG_COMPILER_APPICON_NAME = AppIcon;
				ASSETCATALOG_COMPILER_GLOBAL_ACCENT_COLOR_NAME = AccentColor;
				CODE_SIGN_STYLE = Automatic;
				CURRENT_PROJECT_VERSION = 1;
				DEVELOPMENT_TEAM = V66F4B3KJ5;
				GENERATE_INFOPLIST_FILE = YES;
				INFOPLIST_FILE = JLife/Info.plist;
				INFOPLIST_KEY_CFBundleDisplayName = JLife;
				INFOPLIST_KEY_LSApplicationCategoryType = "public.app-category.lifestyle";
				INFOPLIST_KEY_UIApplicationSupportsIndirectInputEvents = YES;
				INFOPLIST_KEY_UILaunchStoryboardName = LaunchScreen.storyboard;
				INFOPLIST_KEY_UIMainStoryboardFile = Main;
				INFOPLIST_KEY_UIStatusBarStyle = "";
				INFOPLIST_KEY_UISupportedInterfaceOrientations = UIInterfaceOrientationPortrait;
				INFOPLIST_KEY_UISupportedInterfaceOrientations_iPad = "UIInterfaceOrientationLandscapeLeft UIInterfaceOrientationLandscapeRight UIInterfaceOrientationPortrait UIInterfaceOrientationPortraitUpsideDown";
				IPHONEOS_DEPLOYMENT_TARGET = 16.0;
				LD_RUNPATH_SEARCH_PATHS = (
					"$(inherited)",
					"@executable_path/Frameworks",
				);
				MARKETING_VERSION = 1.0;
				PRODUCT_BUNDLE_IDENTIFIER = com.jlifelec.JLife;
				PRODUCT_NAME = "$(TARGET_NAME)";
				SUPPORTED_PLATFORMS = "iphoneos iphonesimulator";
				SUPPORTS_MACCATALYST = NO;
				SUPPORTS_MAC_DESIGNED_FOR_IPHONE_IPAD = NO;
				SWIFT_EMIT_LOC_STRINGS = YES;
				SWIFT_VERSION = 5.0;
				TARGETED_DEVICE_FAMILY = 1;
			};
			name = Debug;
		};
		48307B642A43727500D3C3B0 /* Release */ = {
			isa = XCBuildConfiguration;
			buildSettings = {
				ASSETCATALOG_COMPILER_APPICON_NAME = AppIcon;
				ASSETCATALOG_COMPILER_GLOBAL_ACCENT_COLOR_NAME = AccentColor;
				CODE_SIGN_STYLE = Automatic;
				CURRENT_PROJECT_VERSION = 1;
				DEVELOPMENT_TEAM = V66F4B3KJ5;
				GENERATE_INFOPLIST_FILE = YES;
				INFOPLIST_FILE = JLife/Info.plist;
				INFOPLIST_KEY_CFBundleDisplayName = JLife;
				INFOPLIST_KEY_LSApplicationCategoryType = "public.app-category.lifestyle";
				INFOPLIST_KEY_UIApplicationSupportsIndirectInputEvents = YES;
				INFOPLIST_KEY_UILaunchStoryboardName = LaunchScreen.storyboard;
				INFOPLIST_KEY_UIMainStoryboardFile = Main;
				INFOPLIST_KEY_UIStatusBarStyle = "";
				INFOPLIST_KEY_UISupportedInterfaceOrientations = UIInterfaceOrientationPortrait;
				INFOPLIST_KEY_UISupportedInterfaceOrientations_iPad = "UIInterfaceOrientationLandscapeLeft UIInterfaceOrientationLandscapeRight UIInterfaceOrientationPortrait UIInterfaceOrientationPortraitUpsideDown";
				IPHONEOS_DEPLOYMENT_TARGET = 16.0;
				LD_RUNPATH_SEARCH_PATHS = (
					"$(inherited)",
					"@executable_path/Frameworks",
				);
				MARKETING_VERSION = 1.0;
				PRODUCT_BUNDLE_IDENTIFIER = com.jlifelec.JLife;
				PRODUCT_NAME = "$(TARGET_NAME)";
				SUPPORTED_PLATFORMS = "iphoneos iphonesimulator";
				SUPPORTS_MACCATALYST = NO;
				SUPPORTS_MAC_DESIGNED_FOR_IPHONE_IPAD = NO;
				SWIFT_EMIT_LOC_STRINGS = YES;
				SWIFT_VERSION = 5.0;
				TARGETED_DEVICE_FAMILY = 1;
			};
			name = Release;
		};
/* End XCBuildConfiguration section */

/* Begin XCConfigurationList section */
		48307B492A43727400D3C3B0 /* Build configuration list for PBXProject "JLife" */ = {
			isa = XCConfigurationList;
			buildConfigurations = (
				48307B602A43727500D3C3B0 /* Debug */,
				48307B612A43727500D3C3B0 /* Release */,
			);
			defaultConfigurationIsVisible = 0;
			defaultConfigurationName = Release;
		};
		48307B622A43727500D3C3B0 /* Build configuration list for PBXNativeTarget "JLife" */ = {
			isa = XCConfigurationList;
			buildConfigurations = (
				48307B632A43727500D3C3B0 /* Debug */,
				48307B642A43727500D3C3B0 /* Release */,
			);
			defaultConfigurationIsVisible = 0;
			defaultConfigurationName = Release;
		};
/* End XCConfigurationList section */
	};
	rootObject = 48307B462A43727400D3C3B0 /* Project object */;
}
